
Microsoft Visual Studio Solution File, Format Version 12.00
# Visual Studio 2012
Project("{8BC9CEB8-8B4A-11D0-8D11-00A0C91BC942}") = "Browedit", "Browedit\Browedit.vcxproj", "{566CA920-B941-4C45-B2EE-A244C3C67FDF}"
	ProjectSection(ProjectDependencies) = postProject
		{DD1DBDA9-D27B-4025-B687-8DEC4808D6CC} = {DD1DBDA9-D27B-4025-B687-8DEC4808D6CC}
	EndProjectSection
EndProject
Project("{8BC9CEB8-8B4A-11D0-8D11-00A0C91BC942}") = "BroLib", "BroLib\BroLib.vcxproj", "{DD1DBDA9-D27B-4025-B687-8DEC4808D6CC}"
EndProject
Global
	GlobalSection(SolutionConfigurationPlatforms) = preSolution
		Debug|Win32 = Debug|Win32
		Release|Win32 = Release|Win32
	EndGlobalSection
	GlobalSection(ProjectConfigurationPlatforms) = postSolution
		{566CA920-B941-4C45-B2EE-A244C3C67FDF}.Debug|Win32.ActiveCfg = Debug|Win32
		{566CA920-B941-4C45-B2EE-A244C3C67FDF}.Debug|Win32.Build.0 = Debug|Win32
		{566CA920-B941-4C45-B2EE-A244C3C67FDF}.Release|Win32.ActiveCfg = Release|Win32
		{566CA920-B941-4C45-B2EE-A244C3C67FDF}.Release|Win32.Build.0 = Release|Win32
		{DD1DBDA9-D27B-4025-B687-8DEC4808D6CC}.Debug|Win32.ActiveCfg = Debug|Win32
		{DD1DBDA9-D27B-4025-B687-8DEC4808D6CC}.Debug|Win32.Build.0 = Debug|Win32
		{DD1DBDA9-D27B-4025-B687-8DEC4808D6CC}.Release|Win32.ActiveCfg = Release|Win32
		{DD1DBDA9-D27B-4025-B687-8DEC4808D6CC}.Release|Win32.Build.0 = Release|Win32
	EndGlobalSection
	GlobalSection(SolutionProperties) = preSolution
		HideSolutionNode = FALSE
	EndGlobalSection
EndGlobal
