
Microsoft Visual Studio Solution File, Format Version 12.00
# Visual Studio 2013
VisualStudioVersion = 12.0.21005.1
MinimumVisualStudioVersion = 10.0.40219.1
Project("{8BC9CEB8-8B4A-11D0-8D11-00A0C91BC942}") = "blib", "..\blib\blib.vcxproj", "{22D5CA69-1AFF-4025-AC86-A4F056D79B53}"
EndProject
Project("{8BC9CEB8-8B4A-11D0-8D11-00A0C91BC942}") = "Browedit", "..\browedit\Browedit.vcxproj", "{E1627C61-226D-4013-9036-23090B4A15AF}"
	ProjectSection(ProjectDependencies) = postProject
		{22D5CA69-1AFF-4025-AC86-A4F056D79B53} = {22D5CA69-1AFF-4025-AC86-A4F056D79B53}
		{E6E72CDE-7DAD-4576-825E-AB65026E0820} = {E6E72CDE-7DAD-4576-825E-AB65026E0820}
	EndProjectSection
EndProject
Project("{8BC9CEB8-8B4A-11D0-8D11-00A0C91BC942}") = "BroLib", "..\brolib\BroLib.vcxproj", "{E6E72CDE-7DAD-4576-825E-AB65026E0820}"
	ProjectSection(ProjectDependencies) = postProject
		{22D5CA69-1AFF-4025-AC86-A4F056D79B53} = {22D5CA69-1AFF-4025-AC86-A4F056D79B53}
	EndProjectSection
EndProject
Global
	GlobalSection(SolutionConfigurationPlatforms) = preSolution
		Debug|Win32 = Debug|Win32
		Release|Win32 = Release|Win32
	EndGlobalSection
	GlobalSection(ProjectConfigurationPlatforms) = postSolution
		{22D5CA69-1AFF-4025-AC86-A4F056D79B53}.Debug|Win32.ActiveCfg = Debug|Win32
		{22D5CA69-1AFF-4025-AC86-A4F056D79B53}.Debug|Win32.Build.0 = Debug|Win32
		{22D5CA69-1AFF-4025-AC86-A4F056D79B53}.Release|Win32.ActiveCfg = Release|Win32
		{22D5CA69-1AFF-4025-AC86-A4F056D79B53}.Release|Win32.Build.0 = Release|Win32
		{E1627C61-226D-4013-9036-23090B4A15AF}.Debug|Win32.ActiveCfg = Debug|Win32
		{E1627C61-226D-4013-9036-23090B4A15AF}.Debug|Win32.Build.0 = Debug|Win32
		{E1627C61-226D-4013-9036-23090B4A15AF}.Release|Win32.ActiveCfg = Release|Win32
		{E1627C61-226D-4013-9036-23090B4A15AF}.Release|Win32.Build.0 = Release|Win32
		{E6E72CDE-7DAD-4576-825E-AB65026E0820}.Debug|Win32.ActiveCfg = Debug|Win32
		{E6E72CDE-7DAD-4576-825E-AB65026E0820}.Debug|Win32.Build.0 = Debug|Win32
		{E6E72CDE-7DAD-4576-825E-AB65026E0820}.Release|Win32.ActiveCfg = Release|Win32
		{E6E72CDE-7DAD-4576-825E-AB65026E0820}.Release|Win32.Build.0 = Release|Win32
	EndGlobalSection
	GlobalSection(SolutionProperties) = preSolution
		HideSolutionNode = FALSE
	EndGlobalSection
	GlobalSection(Performance) = preSolution
		HasPerformanceSessions = true
	EndGlobalSection
EndGlobal
