<?xml version="1.0" encoding="utf-8"?>
<Project ToolsVersion="4.0" xmlns="http://schemas.microsoft.com/developer/msbuild/2003">
  <ItemGroup>
    <Filter Include="Source Files">
      <UniqueIdentifier>{4FC737F1-C7A5-4376-A066-2A32D752A2FF}</UniqueIdentifier>
      <Extensions>cpp;c;cc;cxx;def;odl;idl;hpj;bat;asm;asmx</Extensions>
    </Filter>
    <Filter Include="Header Files">
      <UniqueIdentifier>{93995380-89BD-4b04-88EB-625FBE52EBFB}</UniqueIdentifier>
      <Extensions>h;hpp;hxx;hm;inl;inc;xsd</Extensions>
    </Filter>
    <Filter Include="Resource Files">
      <UniqueIdentifier>{67DA6AB6-F800-4c08-8B7A-83BB121AAD01}</UniqueIdentifier>
      <Extensions>rc;ico;cur;bmp;dlg;rc2;rct;bin;rgs;gif;jpg;jpeg;jpe;resx;tiff;tif;png;wav;mfcribbon-ms</Extensions>
    </Filter>
    <Filter Include="grflib">
      <UniqueIdentifier>{28b994a2-0c46-40ba-a0b8-b11ac699a4cc}</UniqueIdentifier>
    </Filter>
    <Filter Include="grflib\zlib">
      <UniqueIdentifier>{c4698e74-5483-49f1-b05c-e21e66892e11}</UniqueIdentifier>
    </Filter>
  </ItemGroup>
  <ItemGroup>
    <ClCompile Include="BroLib\Map.cpp">
      <Filter>Source Files</Filter>
    </ClCompile>
    <ClCompile Include="BroLib\Gnd.cpp">
      <Filter>Source Files</Filter>
    </ClCompile>
    <ClCompile Include="BroLib\MapRenderer.cpp">
      <Filter>Source Files</Filter>
    </ClCompile>
    <ClCompile Include="BroLib\grflib\grf.c">
      <Filter>grflib</Filter>
    </ClCompile>
    <ClCompile Include="BroLib\grflib\grfcrypt.c">
      <Filter>grflib</Filter>
    </ClCompile>
    <ClCompile Include="BroLib\grflib\grfsupport.c">
      <Filter>grflib</Filter>
    </ClCompile>
    <ClCompile Include="BroLib\grflib\rgz.c">
      <Filter>grflib</Filter>
    </ClCompile>
    <ClCompile Include="BroLib\GrfFileSystemHandler.cpp">
      <Filter>Source Files</Filter>
    </ClCompile>
    <ClCompile Include="..\externals\zlib\crc32.c">
      <Filter>grflib\zlib</Filter>
    </ClCompile>
    <ClCompile Include="..\externals\zlib\deflate.c">
      <Filter>grflib\zlib</Filter>
    </ClCompile>
    <ClCompile Include="..\externals\zlib\gzclose.c">
      <Filter>grflib\zlib</Filter>
    </ClCompile>
    <ClCompile Include="..\externals\zlib\gzlib.c">
      <Filter>grflib\zlib</Filter>
    </ClCompile>
    <ClCompile Include="..\externals\zlib\gzread.c">
      <Filter>grflib\zlib</Filter>
    </ClCompile>
    <ClCompile Include="..\externals\zlib\gzwrite.c">
      <Filter>grflib\zlib</Filter>
    </ClCompile>
    <ClCompile Include="..\externals\zlib\infback.c">
      <Filter>grflib\zlib</Filter>
    </ClCompile>
    <ClCompile Include="..\externals\zlib\inffast.c">
      <Filter>grflib\zlib</Filter>
    </ClCompile>
    <ClCompile Include="..\externals\zlib\inflate.c">
      <Filter>grflib\zlib</Filter>
    </ClCompile>
    <ClCompile Include="..\externals\zlib\inftrees.c">
      <Filter>grflib\zlib</Filter>
    </ClCompile>
    <ClCompile Include="..\externals\zlib\trees.c">
      <Filter>grflib\zlib</Filter>
    </ClCompile>
    <ClCompile Include="..\externals\zlib\uncompr.c">
      <Filter>grflib\zlib</Filter>
    </ClCompile>
    <ClCompile Include="..\externals\zlib\zutil.c">
      <Filter>grflib\zlib</Filter>
    </ClCompile>
    <ClCompile Include="..\externals\zlib\adler32.c">
      <Filter>grflib\zlib</Filter>
    </ClCompile>
    <ClCompile Include="..\externals\zlib\compress.c">
      <Filter>grflib\zlib</Filter>
    </ClCompile>
    <ClCompile Include="BroLib\Rsm.cpp">
      <Filter>Source Files</Filter>
    </ClCompile>
    <ClCompile Include="BroLib\Rsw.cpp">
      <Filter>Source Files</Filter>
    </ClCompile>
    <ClCompile Include="BroLib\Gat.cpp">
      <Filter>Source Files</Filter>
    </ClCompile>
    <ClCompile Include="BroLib\Rsm2.cpp">
      <Filter>Source Files</Filter>
    </ClCompile>
    <ClCompile Include="BroLib\IRsm.cpp">
      <Filter>Source Files</Filter>
    </ClCompile>
  </ItemGroup>
  <ItemGroup>
    <ClInclude Include="BroLib\Map.h">
      <Filter>Header Files</Filter>
    </ClInclude>
    <ClInclude Include="BroLib\Gnd.h">
      <Filter>Header Files</Filter>
    </ClInclude>
    <ClInclude Include="BroLib\MapRenderer.h">
      <Filter>Header Files</Filter>
    </ClInclude>
    <ClInclude Include="BroLib\grflib\grf.h">
      <Filter>grflib</Filter>
    </ClInclude>
    <ClInclude Include="BroLib\grflib\grfcrypt.h">
      <Filter>grflib</Filter>
    </ClInclude>
    <ClInclude Include="BroLib\grflib\grfsupport.h">
      <Filter>grflib</Filter>
    </ClInclude>
    <ClInclude Include="BroLib\grflib\grftypes.h">
      <Filter>grflib</Filter>
    </ClInclude>
    <ClInclude Include="BroLib\grflib\rgz.h">
      <Filter>grflib</Filter>
    </ClInclude>
    <ClInclude Include="BroLib\GrfFileSystemHandler.h">
      <Filter>Header Files</Filter>
    </ClInclude>
    <ClInclude Include="..\externals\zlib\crc32.h">
      <Filter>grflib\zlib</Filter>
    </ClInclude>
    <ClInclude Include="..\externals\zlib\deflate.h">
      <Filter>grflib\zlib</Filter>
    </ClInclude>
    <ClInclude Include="..\externals\zlib\gzguts.h">
      <Filter>grflib\zlib</Filter>
    </ClInclude>
    <ClInclude Include="..\externals\zlib\inffast.h">
      <Filter>grflib\zlib</Filter>
    </ClInclude>
    <ClInclude Include="..\externals\zlib\inffixed.h">
      <Filter>grflib\zlib</Filter>
    </ClInclude>
    <ClInclude Include="..\externals\zlib\inflate.h">
      <Filter>grflib\zlib</Filter>
    </ClInclude>
    <ClInclude Include="..\externals\zlib\inftrees.h">
      <Filter>grflib\zlib</Filter>
    </ClInclude>
    <ClInclude Include="..\externals\zlib\trees.h">
      <Filter>grflib\zlib</Filter>
    </ClInclude>
    <ClInclude Include="..\externals\zlib\zconf.h">
      <Filter>grflib\zlib</Filter>
    </ClInclude>
    <ClInclude Include="..\externals\zlib\zlib.h">
      <Filter>grflib\zlib</Filter>
    </ClInclude>
    <ClInclude Include="..\externals\zlib\zutil.h">
      <Filter>grflib\zlib</Filter>
    </ClInclude>
    <ClInclude Include="BroLib\Rsm.h">
      <Filter>Header Files</Filter>
    </ClInclude>
    <ClInclude Include="BroLib\Rsw.h">
      <Filter>Header Files</Filter>
    </ClInclude>
    <ClInclude Include="BroLib\Renderer.h">
      <Filter>Header Files</Filter>
    </ClInclude>
    <ClInclude Include="BroLib\Gat.h">
      <Filter>Header Files</Filter>
    </ClInclude>
    <ClInclude Include="BroLib\Rsm2.h">
      <Filter>Header Files</Filter>
    </ClInclude>
    <ClInclude Include="BroLib\IRsm.h">
      <Filter>Header Files</Filter>
    </ClInclude>
  </ItemGroup>
</Project>