<?xml version="1.0" encoding="utf-8"?>
<Project ToolsVersion="4.0" xmlns="http://schemas.microsoft.com/developer/msbuild/2003">
  <ItemGroup>
    <Filter Include="Source Files">
      <UniqueIdentifier>{4FC737F1-C7A5-4376-A066-2A32D752A2FF}</UniqueIdentifier>
      <Extensions>cpp;c;cc;cxx;def;odl;idl;hpj;bat;asm;asmx</Extensions>
    </Filter>
    <Filter Include="Header Files">
      <UniqueIdentifier>{93995380-89BD-4b04-88EB-625FBE52EBFB}</UniqueIdentifier>
      <Extensions>h;hpp;hxx;hm;inl;inc;xsd</Extensions>
    </Filter>
    <Filter Include="Resource Files">
      <UniqueIdentifier>{67DA6AB6-F800-4c08-8B7A-83BB121AAD01}</UniqueIdentifier>
      <Extensions>rc;ico;cur;bmp;dlg;rc2;rct;bin;rgs;gif;jpg;jpeg;jpe;resx;tiff;tif;png;wav;mfcribbon-ms</Extensions>
    </Filter>
    <Filter Include="assets">
      <UniqueIdentifier>{7394bc3b-87b4-4c13-820b-b34a331f7994}</UniqueIdentifier>
    </Filter>
    <Filter Include="assets\shaders">
      <UniqueIdentifier>{38ecfdaa-7143-4282-ba62-6c2efe6e91f9}</UniqueIdentifier>
    </Filter>
    <Filter Include="windows">
      <UniqueIdentifier>{e9cc6a4d-8800-4225-8f4c-1dc2b0409e76}</UniqueIdentifier>
    </Filter>
    <Filter Include="assets\skins">
      <UniqueIdentifier>{57fe00b3-e599-467a-9ebb-51c0a4806726}</UniqueIdentifier>
    </Filter>
    <Filter Include="assets\configs">
      <UniqueIdentifier>{8b9f0813-130d-47f9-89db-03001a7165eb}</UniqueIdentifier>
    </Filter>
    <Filter Include="assets\windows">
      <UniqueIdentifier>{574b8356-0f1c-4a5d-af9a-210b1587bf52}</UniqueIdentifier>
    </Filter>
    <Filter Include="actions">
      <UniqueIdentifier>{2b3abe1c-7279-4242-a10d-488252d85259}</UniqueIdentifier>
    </Filter>
  </ItemGroup>
  <ItemGroup>
    <ClInclude Include="BrowEdit.h">
      <Filter>Header Files</Filter>
    </ClInclude>
    <ClInclude Include="Camera.h">
      <Filter>Header Files</Filter>
    </ClInclude>
    <ClInclude Include="windows\FileOpenWindow.h">
      <Filter>windows</Filter>
    </ClInclude>
    <ClInclude Include="resource.h">
      <Filter>Header Files</Filter>
    </ClInclude>
    <ClInclude Include="windows\TextureWindow.h">
      <Filter>windows</Filter>
    </ClInclude>
    <ClInclude Include="windows\ObjectWindow.h">
      <Filter>windows</Filter>
    </ClInclude>
    <ClInclude Include="windows\ModelPropertiesWindow.h">
      <Filter>windows</Filter>
    </ClInclude>
    <ClInclude Include="action.h">
      <Filter>Header Files</Filter>
    </ClInclude>
    <ClInclude Include="actions\TextureEditAction.h">
      <Filter>actions</Filter>
    </ClInclude>
    <ClInclude Include="actions\GroupAction.h">
      <Filter>actions</Filter>
    </ClInclude>
    <ClInclude Include="TranslatorTool.h">
      <Filter>Header Files</Filter>
    </ClInclude>
    <ClInclude Include="RotateTool.h">
      <Filter>Header Files</Filter>
    </ClInclude>
    <ClInclude Include="ScaleTool.h">
      <Filter>Header Files</Filter>
    </ClInclude>
    <ClInclude Include="actions\ObjectEditAction.h">
      <Filter>actions</Filter>
    </ClInclude>
    <ClInclude Include="actions\SelectObjectAction.h">
      <Filter>actions</Filter>
    </ClInclude>
    <ClInclude Include="windows\MessageWindow.h">
      <Filter>windows</Filter>
    </ClInclude>
    <ClInclude Include="windows\HelpWindow.h">
      <Filter>windows</Filter>
    </ClInclude>
    <ClInclude Include="windows\NewMapWindow.h">
      <Filter>windows</Filter>
    </ClInclude>
    <ClInclude Include="windows\MapSettingsWindow.h">
      <Filter>windows</Filter>
    </ClInclude>
  </ItemGroup>
  <ItemGroup>
    <ClCompile Include="BrowEdit.cpp">
      <Filter>Source Files</Filter>
    </ClCompile>
    <ClCompile Include="main.cpp">
      <Filter>Source Files</Filter>
    </ClCompile>
    <ClCompile Include="Camera.cpp">
      <Filter>Source Files</Filter>
    </ClCompile>
    <ClCompile Include="windows\FileOpenWindow.cpp">
      <Filter>windows</Filter>
    </ClCompile>
    <ClCompile Include="windows\TextureWindow.cpp">
      <Filter>windows</Filter>
    </ClCompile>
    <ClCompile Include="windows\ObjectWindow.cpp">
      <Filter>windows</Filter>
    </ClCompile>
    <ClCompile Include="windows\ModelPropertiesWindow.cpp">
      <Filter>windows</Filter>
    </ClCompile>
    <ClCompile Include="actions\TextureEditAction.cpp">
      <Filter>actions</Filter>
    </ClCompile>
    <ClCompile Include="actions\GroupAction.cpp">
      <Filter>actions</Filter>
    </ClCompile>
    <ClCompile Include="TranslatorTool.cpp">
      <Filter>Source Files</Filter>
    </ClCompile>
    <ClCompile Include="RotateTool.cpp">
      <Filter>Source Files</Filter>
    </ClCompile>
    <ClCompile Include="ScaleTool.cpp">
      <Filter>Source Files</Filter>
    </ClCompile>
    <ClCompile Include="actions\ObjectEditAction.cpp">
      <Filter>actions</Filter>
    </ClCompile>
    <ClCompile Include="actions\SelectObjectAction.cpp">
      <Filter>actions</Filter>
    </ClCompile>
    <ClCompile Include="windows\MessageWindow.cpp">
      <Filter>windows</Filter>
    </ClCompile>
    <ClCompile Include="TextureEdit.cpp">
      <Filter>Source Files</Filter>
    </ClCompile>
    <ClCompile Include="ObjectEdit.cpp">
      <Filter>Source Files</Filter>
    </ClCompile>
    <ClCompile Include="HeightEdit.cpp">
      <Filter>Source Files</Filter>
    </ClCompile>
    <ClCompile Include="DetailHeightEdit.cpp">
      <Filter>Source Files</Filter>
    </ClCompile>
    <ClCompile Include="BrowEditJsApi.cpp">
      <Filter>Source Files</Filter>
    </ClCompile>
    <ClCompile Include="WallEdit.cpp">
      <Filter>Source Files</Filter>
    </ClCompile>
    <ClCompile Include="windows\HelpWindow.cpp">
      <Filter>windows</Filter>
    </ClCompile>
    <ClCompile Include="windows\NewMapWindow.cpp">
      <Filter>windows</Filter>
    </ClCompile>
    <ClCompile Include="GatEdit.cpp">
      <Filter>Source Files</Filter>
    </ClCompile>
    <ClCompile Include="DetailGatEdit.cpp">
      <Filter>Source Files</Filter>
    </ClCompile>
    <ClCompile Include="ColorEdit.cpp">
      <Filter>Source Files</Filter>
    </ClCompile>
    <ClCompile Include="GatTypeEdit.cpp">
      <Filter>Source Files</Filter>
    </ClCompile>
    <ClCompile Include="windows\MapSettingsWindow.cpp">
      <Filter>windows</Filter>
    </ClCompile>
  </ItemGroup>
  <ItemGroup>
    <None Include="..\assets\menu.json">
      <Filter>assets</Filter>
    </None>
    <None Include="..\assets\skins\ro.json">
      <Filter>assets\skins</Filter>
    </None>
    <None Include="..\assets\configs\config.default.json">
      <Filter>assets\configs</Filter>
    </None>
    <None Include="..\assets\configs\config.laptop.json">
      <Filter>assets\configs</Filter>
    </None>
    <None Include="..\assets\configs\config.borf.json">
      <Filter>assets\configs</Filter>
    </None>
    <None Include="..\assets\windows\TextureWindow.json">
      <Filter>assets\windows</Filter>
    </None>
    <None Include="..\assets\windows\MenuFilterWindow.json">
      <Filter>assets\windows</Filter>
    </None>
    <None Include="..\assets\windows\MessageWindow.json">
      <Filter>assets\windows</Filter>
    </None>
    <None Include="..\assets\windows\OpenWindow.json">
      <Filter>assets\windows</Filter>
    </None>
    <None Include="..\assets\windows\ObjectWindow.json">
      <Filter>assets\windows</Filter>
    </None>
    <None Include="..\assets\windows\ModelPropertiesWindow.json">
      <Filter>assets\windows</Filter>
    </None>
    <None Include="..\assets\windows\HelpWindow.json">
      <Filter>assets\windows</Filter>
    </None>
    <None Include="..\assets\help.json">
      <Filter>assets</Filter>
    </None>
    <None Include="..\assets\windows\NewMapWindow.json">
      <Filter>assets\windows</Filter>
    </None>
    <None Include="..\assets\shaders\gl\compose.vert">
      <Filter>assets\shaders</Filter>
    </None>
    <None Include="..\assets\shaders\gl\gnd.frag">
      <Filter>assets\shaders</Filter>
    </None>
    <None Include="..\assets\shaders\gl\gnd.vert">
      <Filter>assets\shaders</Filter>
    </None>
    <None Include="..\assets\shaders\gl\highlight.frag">
      <Filter>assets\shaders</Filter>
    </None>
    <None Include="..\assets\shaders\gl\highlight.vert">
      <Filter>assets\shaders</Filter>
    </None>
    <None Include="..\assets\shaders\gl\rsw.frag">
      <Filter>assets\shaders</Filter>
    </None>
    <None Include="..\assets\shaders\gl\rsw.vert">
      <Filter>assets\shaders</Filter>
    </None>
    <None Include="..\assets\shaders\gl\compose.frag">
      <Filter>assets\shaders</Filter>
    </None>
  </ItemGroup>
  <ItemGroup>
    <ResourceCompile Include="Browedit.rc">
      <Filter>Resource Files</Filter>
    </ResourceCompile>
  </ItemGroup>
  <ItemGroup>
    <Image Include="icon1.ico">
      <Filter>Resource Files</Filter>
    </Image>
  </ItemGroup>
  <ItemGroup>
    <Text Include="..\readme.txt" />
  </ItemGroup>
</Project>